{
  "version": 3,
  "targets": {
    "net7.0": {
      "dotnet-mgcb-editor/3.8.0.1641": {
        "type": "package"
      }
    },
    "net7.0/any": {
      "dotnet-mgcb-editor/3.8.0.1641": {
        "type": "package",
        "tools": {
          "tools/netcoreapp3.1/any/ATI.TextureConverter.dll": {},
          "tools/netcoreapp3.1/any/ATI.TextureConverter.dll.config": {},
          "tools/netcoreapp3.1/any/AssimpNet.dll": {},
          "tools/netcoreapp3.1/any/AtkSharp.dll": {},
          "tools/netcoreapp3.1/any/CairoSharp.dll": {},
          "tools/netcoreapp3.1/any/Content/mgcb-editor.desktop": {},
          "tools/netcoreapp3.1/any/Content/mgcb.xml": {},
          "tools/netcoreapp3.1/any/Content/monogame.svg": {},
          "tools/netcoreapp3.1/any/Content/x-mgcb.xml": {},
          "tools/netcoreapp3.1/any/CppNet.dll": {},
          "tools/netcoreapp3.1/any/DotnetToolSettings.xml": {},
          "tools/netcoreapp3.1/any/Eto.Gtk.dll": {},
          "tools/netcoreapp3.1/any/Eto.Wpf.dll": {},
          "tools/netcoreapp3.1/any/Eto.dll": {},
          "tools/netcoreapp3.1/any/FreeImage.dll": {},
          "tools/netcoreapp3.1/any/GLibSharp.dll": {},
          "tools/netcoreapp3.1/any/GdkSharp.dll": {},
          "tools/netcoreapp3.1/any/GioSharp.dll": {},
          "tools/netcoreapp3.1/any/GtkSharp.dll": {},
          "tools/netcoreapp3.1/any/MonoGame.Framework.Content.Pipeline.dll": {},
          "tools/netcoreapp3.1/any/MonoGame.Framework.Content.Pipeline.pdb": {},
          "tools/netcoreapp3.1/any/MonoGame.Framework.dll": {},
          "tools/netcoreapp3.1/any/MonoGame.Framework.pdb": {},
          "tools/netcoreapp3.1/any/MonoGame.Framework.xml": {},
          "tools/netcoreapp3.1/any/Nvidia.TextureTools.dll": {},
          "tools/netcoreapp3.1/any/Nvidia.TextureTools.dll.config": {},
          "tools/netcoreapp3.1/any/PVRTexLibNET.dll": {},
          "tools/netcoreapp3.1/any/PVRTexLibNET.dll.config": {},
          "tools/netcoreapp3.1/any/PVRTexLibWrapper.dll": {},
          "tools/netcoreapp3.1/any/PangoSharp.dll": {},
          "tools/netcoreapp3.1/any/SharpDX.D3DCompiler.dll": {},
          "tools/netcoreapp3.1/any/SharpDX.D3DCompiler.xml": {},
          "tools/netcoreapp3.1/any/SharpDX.dll": {},
          "tools/netcoreapp3.1/any/SharpDX.xml": {},
          "tools/netcoreapp3.1/any/SharpFont.dll": {},
          "tools/netcoreapp3.1/any/SharpFont.dll.config": {},
          "tools/netcoreapp3.1/any/System.CommandLine.dll": {},
          "tools/netcoreapp3.1/any/Templates/Effect.fx": {},
          "tools/netcoreapp3.1/any/Templates/Effect.png": {},
          "tools/netcoreapp3.1/any/Templates/Effect.template": {},
          "tools/netcoreapp3.1/any/Templates/Font.png": {},
          "tools/netcoreapp3.1/any/Templates/LocalizedSpriteFont.spritefont": {},
          "tools/netcoreapp3.1/any/Templates/LocalizedSpriteFont.template": {},
          "tools/netcoreapp3.1/any/Templates/SpriteEffect.fx": {},
          "tools/netcoreapp3.1/any/Templates/SpriteEffect.template": {},
          "tools/netcoreapp3.1/any/Templates/SpriteFont.spritefont": {},
          "tools/netcoreapp3.1/any/Templates/SpriteFont.template": {},
          "tools/netcoreapp3.1/any/Templates/Xml.png": {},
          "tools/netcoreapp3.1/any/Templates/XmlContent.template": {},
          "tools/netcoreapp3.1/any/Templates/XmlContent.xml": {},
          "tools/netcoreapp3.1/any/ffmpeg.exe": {},
          "tools/netcoreapp3.1/any/ffprobe.exe": {},
          "tools/netcoreapp3.1/any/freetype6.dll": {},
          "tools/netcoreapp3.1/any/libFreeImage.dylib": {},
          "tools/netcoreapp3.1/any/libFreeImage.so": {},
          "tools/netcoreapp3.1/any/libPVRTexLibWrapper.dylib": {},
          "tools/netcoreapp3.1/any/libPVRTexLibWrapper.so": {},
          "tools/netcoreapp3.1/any/libSDL2-2.0.0.dylib": {},
          "tools/netcoreapp3.1/any/libfreetype6.dylib": {},
          "tools/netcoreapp3.1/any/libfreetype6.so": {},
          "tools/netcoreapp3.1/any/libmojoshader_64.dll": {},
          "tools/netcoreapp3.1/any/libnvcore.dylib": {},
          "tools/netcoreapp3.1/any/libnvcore.so": {},
          "tools/netcoreapp3.1/any/libnvimage.dylib": {},
          "tools/netcoreapp3.1/any/libnvimage.so": {},
          "tools/netcoreapp3.1/any/libnvmath.dylib": {},
          "tools/netcoreapp3.1/any/libnvmath.so": {},
          "tools/netcoreapp3.1/any/libnvtt.dylib": {},
          "tools/netcoreapp3.1/any/libnvtt.so": {},
          "tools/netcoreapp3.1/any/libopenal.1.dylib": {},
          "tools/netcoreapp3.1/any/libpng16.16.dylib": {},
          "tools/netcoreapp3.1/any/libpng16.so.16": {},
          "tools/netcoreapp3.1/any/linux/ffmpeg": {},
          "tools/netcoreapp3.1/any/linux/ffprobe": {},
          "tools/netcoreapp3.1/any/mgcb-editor-gtk.deps.json": {},
          "tools/netcoreapp3.1/any/mgcb-editor-gtk.dll": {},
          "tools/netcoreapp3.1/any/mgcb-editor-gtk.dll.config": {},
          "tools/netcoreapp3.1/any/mgcb-editor-gtk.exe": {},
          "tools/netcoreapp3.1/any/mgcb-editor-gtk.pdb": {},
          "tools/netcoreapp3.1/any/mgcb-editor-gtk.runtimeconfig.json": {},
          "tools/netcoreapp3.1/any/mgcb-editor-mac.app/Contents/Info.plist": {},
          "tools/netcoreapp3.1/any/mgcb-editor-mac.app/Contents/MacOS/mgcb-editor-mac": {},
          "tools/netcoreapp3.1/any/mgcb-editor-mac.app/Contents/MacOS/mgcb-editor-mac.pdb": {},
          "tools/netcoreapp3.1/any/mgcb-editor-mac.app/Contents/Resources/Icon.icns": {},
          "tools/netcoreapp3.1/any/mgcb-editor-mac.exe": {},
          "tools/netcoreapp3.1/any/mgcb-editor-wpf.deps.json": {},
          "tools/netcoreapp3.1/any/mgcb-editor-wpf.dll": {},
          "tools/netcoreapp3.1/any/mgcb-editor-wpf.dll.config": {},
          "tools/netcoreapp3.1/any/mgcb-editor-wpf.exe": {},
          "tools/netcoreapp3.1/any/mgcb-editor-wpf.pdb": {},
          "tools/netcoreapp3.1/any/mgcb-editor-wpf.runtimeconfig.json": {},
          "tools/netcoreapp3.1/any/mgcb-editor.deps.json": {},
          "tools/netcoreapp3.1/any/mgcb-editor.dll": {},
          "tools/netcoreapp3.1/any/mgcb-editor.pdb": {},
          "tools/netcoreapp3.1/any/mgcb-editor.runtimeconfig.json": {},
          "tools/netcoreapp3.1/any/mgcb.deps.json": {},
          "tools/netcoreapp3.1/any/mgcb.dll": {},
          "tools/netcoreapp3.1/any/mgcb.exe": {},
          "tools/netcoreapp3.1/any/mgcb.pdb": {},
          "tools/netcoreapp3.1/any/mgcb.runtimeconfig.json": {},
          "tools/netcoreapp3.1/any/mgfxc.deps.json": {},
          "tools/netcoreapp3.1/any/mgfxc.dll": {},
          "tools/netcoreapp3.1/any/mgfxc.exe": {},
          "tools/netcoreapp3.1/any/mgfxc.pdb": {},
          "tools/netcoreapp3.1/any/mgfxc.runtimeconfig.dev.json": {},
          "tools/netcoreapp3.1/any/mgfxc.runtimeconfig.json": {},
          "tools/netcoreapp3.1/any/nvtt.dll": {},
          "tools/netcoreapp3.1/any/osx/ffmpeg": {},
          "tools/netcoreapp3.1/any/osx/ffprobe": {},
          "tools/netcoreapp3.1/any/runtimes/linux-x64/native/libassimp.so": {},
          "tools/netcoreapp3.1/any/runtimes/osx-x64/native/libassimp.dylib": {},
          "tools/netcoreapp3.1/any/runtimes/win-x64/native/assimp.dll": {},
          "tools/netcoreapp3.1/any/runtimes/win-x86/native/assimp.dll": {},
          "tools/netcoreapp3.1/any/x64/SDL2.dll": {},
          "tools/netcoreapp3.1/any/x64/libSDL2-2.0.so.0": {},
          "tools/netcoreapp3.1/any/x64/libopenal.so.1": {},
          "tools/netcoreapp3.1/any/x64/soft_oal.dll": {},
          "tools/netcoreapp3.1/any/x86/SDL2.dll": {},
          "tools/netcoreapp3.1/any/x86/soft_oal.dll": {}
        }
      }
    }
  },
  "libraries": {
    "dotnet-mgcb-editor/3.8.0.1641": {
      "sha512": "hZ9FWkSlnocGyxDcJZAMX/lA8+UUqALeALWeYo9On7fH6kHtOd42Y3uyKKiUB6PF0IbJ6Z/99pBHlZdydOYFKw==",
      "type": "package",
      "path": "dotnet-mgcb-editor/3.8.0.1641",
      "hasTools": true,
      "files": [
        ".nupkg.metadata",
        ".signature.p7s",
        "Icon.png",
        "dotnet-mgcb-editor.3.8.0.1641.nupkg.sha512",
        "dotnet-mgcb-editor.nuspec",
        "tools/netcoreapp3.1/any/ATI.TextureConverter.dll",
        "tools/netcoreapp3.1/any/ATI.TextureConverter.dll.config",
        "tools/netcoreapp3.1/any/AssimpNet.dll",
        "tools/netcoreapp3.1/any/AtkSharp.dll",
        "tools/netcoreapp3.1/any/CairoSharp.dll",
        "tools/netcoreapp3.1/any/Content/mgcb-editor.desktop",
        "tools/netcoreapp3.1/any/Content/mgcb.xml",
        "tools/netcoreapp3.1/any/Content/monogame.svg",
        "tools/netcoreapp3.1/any/Content/x-mgcb.xml",
        "tools/netcoreapp3.1/any/CppNet.dll",
        "tools/netcoreapp3.1/any/DotnetToolSettings.xml",
        "tools/netcoreapp3.1/any/Eto.Gtk.dll",
        "tools/netcoreapp3.1/any/Eto.Wpf.dll",
        "tools/netcoreapp3.1/any/Eto.dll",
        "tools/netcoreapp3.1/any/FreeImage.dll",
        "tools/netcoreapp3.1/any/GLibSharp.dll",
        "tools/netcoreapp3.1/any/GdkSharp.dll",
        "tools/netcoreapp3.1/any/GioSharp.dll",
        "tools/netcoreapp3.1/any/GtkSharp.dll",
        "tools/netcoreapp3.1/any/MonoGame.Framework.Content.Pipeline.dll",
        "tools/netcoreapp3.1/any/MonoGame.Framework.Content.Pipeline.pdb",
        "tools/netcoreapp3.1/any/MonoGame.Framework.dll",
        "tools/netcoreapp3.1/any/MonoGame.Framework.pdb",
        "tools/netcoreapp3.1/any/MonoGame.Framework.xml",
        "tools/netcoreapp3.1/any/Nvidia.TextureTools.dll",
        "tools/netcoreapp3.1/any/Nvidia.TextureTools.dll.config",
        "tools/netcoreapp3.1/any/PVRTexLibNET.dll",
        "tools/netcoreapp3.1/any/PVRTexLibNET.dll.config",
        "tools/netcoreapp3.1/any/PVRTexLibWrapper.dll",
        "tools/netcoreapp3.1/any/PangoSharp.dll",
        "tools/netcoreapp3.1/any/SharpDX.D3DCompiler.dll",
        "tools/netcoreapp3.1/any/SharpDX.D3DCompiler.xml",
        "tools/netcoreapp3.1/any/SharpDX.dll",
        "tools/netcoreapp3.1/any/SharpDX.xml",
        "tools/netcoreapp3.1/any/SharpFont.dll",
        "tools/netcoreapp3.1/any/SharpFont.dll.config",
        "tools/netcoreapp3.1/any/System.CommandLine.dll",
        "tools/netcoreapp3.1/any/Templates/Effect.fx",
        "tools/netcoreapp3.1/any/Templates/Effect.png",
        "tools/netcoreapp3.1/any/Templates/Effect.template",
        "tools/netcoreapp3.1/any/Templates/Font.png",
        "tools/netcoreapp3.1/any/Templates/LocalizedSpriteFont.spritefont",
        "tools/netcoreapp3.1/any/Templates/LocalizedSpriteFont.template",
        "tools/netcoreapp3.1/any/Templates/SpriteEffect.fx",
        "tools/netcoreapp3.1/any/Templates/SpriteEffect.template",
        "tools/netcoreapp3.1/any/Templates/SpriteFont.spritefont",
        "tools/netcoreapp3.1/any/Templates/SpriteFont.template",
        "tools/netcoreapp3.1/any/Templates/Xml.png",
        "tools/netcoreapp3.1/any/Templates/XmlContent.template",
        "tools/netcoreapp3.1/any/Templates/XmlContent.xml",
        "tools/netcoreapp3.1/any/ffmpeg.exe",
        "tools/netcoreapp3.1/any/ffprobe.exe",
        "tools/netcoreapp3.1/any/freetype6.dll",
        "tools/netcoreapp3.1/any/libFreeImage.dylib",
        "tools/netcoreapp3.1/any/libFreeImage.so",
        "tools/netcoreapp3.1/any/libPVRTexLibWrapper.dylib",
        "tools/netcoreapp3.1/any/libPVRTexLibWrapper.so",
        "tools/netcoreapp3.1/any/libSDL2-2.0.0.dylib",
        "tools/netcoreapp3.1/any/libfreetype6.dylib",
        "tools/netcoreapp3.1/any/libfreetype6.so",
        "tools/netcoreapp3.1/any/libmojoshader_64.dll",
        "tools/netcoreapp3.1/any/libnvcore.dylib",
        "tools/netcoreapp3.1/any/libnvcore.so",
        "tools/netcoreapp3.1/any/libnvimage.dylib",
        "tools/netcoreapp3.1/any/libnvimage.so",
        "tools/netcoreapp3.1/any/libnvmath.dylib",
        "tools/netcoreapp3.1/any/libnvmath.so",
        "tools/netcoreapp3.1/any/libnvtt.dylib",
        "tools/netcoreapp3.1/any/libnvtt.so",
        "tools/netcoreapp3.1/any/libopenal.1.dylib",
        "tools/netcoreapp3.1/any/libpng16.16.dylib",
        "tools/netcoreapp3.1/any/libpng16.so.16",
        "tools/netcoreapp3.1/any/linux/ffmpeg",
        "tools/netcoreapp3.1/any/linux/ffprobe",
        "tools/netcoreapp3.1/any/mgcb-editor-gtk.deps.json",
        "tools/netcoreapp3.1/any/mgcb-editor-gtk.dll",
        "tools/netcoreapp3.1/any/mgcb-editor-gtk.dll.config",
        "tools/netcoreapp3.1/any/mgcb-editor-gtk.exe",
        "tools/netcoreapp3.1/any/mgcb-editor-gtk.pdb",
        "tools/netcoreapp3.1/any/mgcb-editor-gtk.runtimeconfig.json",
        "tools/netcoreapp3.1/any/mgcb-editor-mac.app/Contents/Info.plist",
        "tools/netcoreapp3.1/any/mgcb-editor-mac.app/Contents/MacOS/mgcb-editor-mac",
        "tools/netcoreapp3.1/any/mgcb-editor-mac.app/Contents/MacOS/mgcb-editor-mac.pdb",
        "tools/netcoreapp3.1/any/mgcb-editor-mac.app/Contents/Resources/Icon.icns",
        "tools/netcoreapp3.1/any/mgcb-editor-mac.exe",
        "tools/netcoreapp3.1/any/mgcb-editor-wpf.deps.json",
        "tools/netcoreapp3.1/any/mgcb-editor-wpf.dll",
        "tools/netcoreapp3.1/any/mgcb-editor-wpf.dll.config",
        "tools/netcoreapp3.1/any/mgcb-editor-wpf.exe",
        "tools/netcoreapp3.1/any/mgcb-editor-wpf.pdb",
        "tools/netcoreapp3.1/any/mgcb-editor-wpf.runtimeconfig.json",
        "tools/netcoreapp3.1/any/mgcb-editor.deps.json",
        "tools/netcoreapp3.1/any/mgcb-editor.dll",
        "tools/netcoreapp3.1/any/mgcb-editor.pdb",
        "tools/netcoreapp3.1/any/mgcb-editor.runtimeconfig.json",
        "tools/netcoreapp3.1/any/mgcb.deps.json",
        "tools/netcoreapp3.1/any/mgcb.dll",
        "tools/netcoreapp3.1/any/mgcb.exe",
        "tools/netcoreapp3.1/any/mgcb.pdb",
        "tools/netcoreapp3.1/any/mgcb.runtimeconfig.json",
        "tools/netcoreapp3.1/any/mgfxc.deps.json",
        "tools/netcoreapp3.1/any/mgfxc.dll",
        "tools/netcoreapp3.1/any/mgfxc.exe",
        "tools/netcoreapp3.1/any/mgfxc.pdb",
        "tools/netcoreapp3.1/any/mgfxc.runtimeconfig.dev.json",
        "tools/netcoreapp3.1/any/mgfxc.runtimeconfig.json",
        "tools/netcoreapp3.1/any/nvtt.dll",
        "tools/netcoreapp3.1/any/osx/ffmpeg",
        "tools/netcoreapp3.1/any/osx/ffprobe",
        "tools/netcoreapp3.1/any/runtimes/linux-x64/native/libassimp.so",
        "tools/netcoreapp3.1/any/runtimes/osx-x64/native/libassimp.dylib",
        "tools/netcoreapp3.1/any/runtimes/win-x64/native/assimp.dll",
        "tools/netcoreapp3.1/any/runtimes/win-x86/native/assimp.dll",
        "tools/netcoreapp3.1/any/x64/SDL2.dll",
        "tools/netcoreapp3.1/any/x64/libSDL2-2.0.so.0",
        "tools/netcoreapp3.1/any/x64/libopenal.so.1",
        "tools/netcoreapp3.1/any/x64/soft_oal.dll",
        "tools/netcoreapp3.1/any/x86/SDL2.dll",
        "tools/netcoreapp3.1/any/x86/soft_oal.dll"
      ]
    }
  },
  "projectFileDependencyGroups": {
    "net7.0": [
      "dotnet-mgcb-editor >= 3.8.0.1641"
    ]
  },
  "packageFolders": {
    "/Users/nguyenhoangan/Documents/FunCode/HD/.store/.stage/zhgtm54t.5k5": {}
  },
  "project": {
    "version": "1.0.0",
    "restore": {
      "projectUniqueName": "/var/folders/56/78jjrfmj4fd2ldbgl6zdt3700000gn/T/87b858c3-1ad8-41e0-a761-2e1a01920b88/restore.csproj",
      "projectName": "restore",
      "projectPath": "/var/folders/56/78jjrfmj4fd2ldbgl6zdt3700000gn/T/87b858c3-1ad8-41e0-a761-2e1a01920b88/restore.csproj",
      "packagesPath": "/Users/nguyenhoangan/Documents/FunCode/HD/.store/.stage/zhgtm54t.5k5",
      "outputPath": "/Users/nguyenhoangan/Documents/FunCode/HD/.store/.stage/zhgtm54t.5k5/",
      "projectStyle": "DotnetToolReference",
      "configFilePaths": [
        "/Users/nguyenhoangan/.nuget/NuGet/NuGet.Config"
      ],
      "originalTargetFrameworks": [
        "net7.0"
      ],
      "sources": {
        "/usr/local/share/dotnet/library-packs": {},
        "https://api.nuget.org/v3/index.json": {}
      },
      "frameworks": {
        "net7.0": {
          "targetAlias": "net7.0",
          "projectReferences": {}
        }
      },
      "warningProperties": {
        "warnAsError": [
          "NU1605"
        ]
      }
    },
    "frameworks": {
      "net7.0": {
        "targetAlias": "net7.0",
        "dependencies": {
          "dotnet-mgcb-editor": {
            "target": "Package",
            "version": "[3.8.0.1641, )"
          }
        },
        "imports": [
          "net461",
          "net462",
          "net47",
          "net471",
          "net472",
          "net48",
          "net481"
        ],
        "assetTargetFallback": true,
        "warn": true,
        "runtimeIdentifierGraphPath": "/usr/local/share/dotnet/sdk/7.0.304/RuntimeIdentifierGraph.json"
      }
    },
    "runtimes": {
      "any": {
        "#import": []
      }
    }
  }
}